
Microsoft Visual Studio Solution File, Format Version 12.00
# Visual Studio 15
VisualStudioVersion = 15.0.27703.2000
MinimumVisualStudioVersion = 10.0.40219.1
Project("{FAE04EC0-301F-11D3-BF4B-00C04F79EFBC}") = "CaliburnMicroTraining01", "CaliburnMicroTraining01\CaliburnMicroTraining01.csproj", "{7F568F4D-A608-4BE2-99EA-EA4C6F0608BC}"
EndProject
Global
	GlobalSection(SolutionConfigurationPlatforms) = preSolution
		Debug|Any CPU = Debug|Any CPU
		Release|Any CPU = Release|Any CPU
	EndGlobalSection
	GlobalSection(ProjectConfigurationPlatforms) = postSolution
		{7F568F4D-A608-4BE2-99EA-EA4C6F0608BC}.Debug|Any CPU.ActiveCfg = Debug|Any CPU
		{7F568F4D-A608-4BE2-99EA-EA4C6F0608BC}.Debug|Any CPU.Build.0 = Debug|Any CPU
		{7F568F4D-A608-4BE2-99EA-EA4C6F0608BC}.Release|Any CPU.ActiveCfg = Release|Any CPU
		{7F568F4D-A608-4BE2-99EA-EA4C6F0608BC}.Release|Any CPU.Build.0 = Release|Any CPU
	EndGlobalSection
	GlobalSection(SolutionProperties) = preSolution
		HideSolutionNode = FALSE
	EndGlobalSection
	GlobalSection(ExtensibilityGlobals) = postSolution
		SolutionGuid = {2CDCA96D-667C-4EF6-9483-CCB226638F6B}
	EndGlobalSection
EndGlobal
